// !$*UTF8*$!
{
	archiveVersion = 1;
	classes = {
	};
	objectVersion = 48;
	objects = {

/* Begin PBXBuildFile section */
		07B0DCC820165C87006C5344 /* AppDelegate.swift in Sources */ = {isa = PBXBuildFile; fileRef = 07B0DCC720165C87006C5344 /* AppDelegate.swift */; };
		07B0DCCA20165C87006C5344 /* ViewController.swift in Sources */ = {isa = PBXBuildFile; fileRef = 07B0DCC920165C87006C5344 /* ViewController.swift */; };
		07B0DCCD20165C87006C5344 /* Main.storyboard in Resources */ = {isa = PBXBuildFile; fileRef = 07B0DCCB20165C87006C5344 /* Main.storyboard */; };
		07B0DCCF20165C87006C5344 /* Assets.xcassets in Resources */ = {isa = PBXBuildFile; fileRef = 07B0DCCE20165C87006C5344 /* Assets.xcassets */; };
		07B0DCD220165C87006C5344 /* LaunchScreen.storyboard in Resources */ = {isa = PBXBuildFile; fileRef = 07B0DCD020165C87006C5344 /* LaunchScreen.storyboard */; };
		07B0DCDA20165FFF006C5344 /* ODRManager.swift in Sources */ = {isa = PBXBuildFile; fileRef = 07B0DCD920165FFF006C5344 /* ODRManager.swift */; };
/* End PBXBuildFile section */

/* Begin PBXFileReference section */
		07B0DCC420165C87006C5344 /* ODRExample.app */ = {isa = PBXFileReference; explicitFileType = wrapper.application; includeInIndex = 0; path = ODRExample.app; sourceTree = BUILT_PRODUCTS_DIR; };
		07B0DCC720165C87006C5344 /* AppDelegate.swift */ = {isa = PBXFileReference; lastKnownFileType = sourcecode.swift; path = AppDelegate.swift; sourceTree = "<group>"; };
		07B0DCC920165C87006C5344 /* ViewController.swift */ = {isa = PBXFileReference; lastKnownFileType = sourcecode.swift; path = ViewController.swift; sourceTree = "<group>"; };
		07B0DCCC20165C87006C5344 /* Base */ = {isa = PBXFileReference; lastKnownFileType = file.storyboard; name = Base; path = Base.lproj/Main.storyboard; sourceTree = "<group>"; };
		07B0DCCE20165C87006C5344 /* Assets.xcassets */ = {isa = PBXFileReference; lastKnownFileType = folder.assetcatalog; path = Assets.xcassets; sourceTree = "<group>"; };
		07B0DCD120165C87006C5344 /* Base */ = {isa = PBXFileReference; lastKnownFileType = file.storyboard; name = Base; path = Base.lproj/LaunchScreen.storyboard; sourceTree = "<group>"; };
		07B0DCD320165C87006C5344 /* Info.plist */ = {isa = PBXFileReference; lastKnownFileType = text.plist.xml; path = Info.plist; sourceTree = "<group>"; };
		07B0DCD920165FFF006C5344 /* ODRManager.swift */ = {isa = PBXFileReference; lastKnownFileType = sourcecode.swift; path = ODRManager.swift; sourceTree = "<group>"; };
/* End PBXFileReference section */

/* Begin PBXFrameworksBuildPhase section */
		07B0DCC120165C87006C5344 /* Frameworks */ = {
			isa = PBXFrameworksBuildPhase;
			buildActionMask = 2147483647;
			files = (
			);
			runOnlyForDeploymentPostprocessing = 0;
		};
/* End PBXFrameworksBuildPhase section */

/* Begin PBXGroup section */
		07B0DCBB20165C87006C5344 = {
			isa = PBXGroup;
			children = (
				07B0DCC620165C87006C5344 /* ODRExample */,
				07B0DCC520165C87006C5344 /* Products */,
			);
			sourceTree = "<group>";
		};
		07B0DCC520165C87006C5344 /* Products */ = {
			isa = PBXGroup;
			children = (
				07B0DCC420165C87006C5344 /* ODRExample.app */,
			);
			name = Products;
			sourceTree = "<group>";
		};
		07B0DCC620165C87006C5344 /* ODRExample */ = {
			isa = PBXGroup;
			children = (
				07B0DCC720165C87006C5344 /* AppDelegate.swift */,
				07B0DCD920165FFF006C5344 /* ODRManager.swift */,
				07B0DCC920165C87006C5344 /* ViewController.swift */,
				07B0DCCB20165C87006C5344 /* Main.storyboard */,
				07B0DCCE20165C87006C5344 /* Assets.xcassets */,
				07B0DCD020165C87006C5344 /* LaunchScreen.storyboard */,
				07B0DCD320165C87006C5344 /* Info.plist */,
			);
			path = ODRExample;
			sourceTree = "<group>";
		};
/* End PBXGroup section */

/* Begin PBXNativeTarget section */
		07B0DCC320165C87006C5344 /* ODRExample */ = {
			isa = PBXNativeTarget;
			buildConfigurationList = 07B0DCD620165C87006C5344 /* Build configuration list for PBXNativeTarget "ODRExample" */;
			buildPhases = (
				07B0DCDB20166499006C5344 /* ShellScript */,
				07B0DCC020165C87006C5344 /* Sources */,
				07B0DCC120165C87006C5344 /* Frameworks */,
				07B0DCC220165C87006C5344 /* Resources */,
			);
			buildRules = (
			);
			dependencies = (
			);
			name = ODRExample;
			productName = ODRExample;
			productReference = 07B0DCC420165C87006C5344 /* ODRExample.app */;
			productType = "com.apple.product-type.application";
		};
/* End PBXNativeTarget section */

/* Begin PBXProject section */
		07B0DCBC20165C87006C5344 /* Project object */ = {
			isa = PBXProject;
			attributes = {
				KnownAssetTags = (
					First,
				);
				LastSwiftUpdateCheck = 0920;
				LastUpgradeCheck = 0920;
				ORGANIZATIONNAME = BathWraps;
				TargetAttributes = {
					07B0DCC320165C87006C5344 = {
						CreatedOnToolsVersion = 9.2;
						ProvisioningStyle = Manual;
					};
				};
			};
			buildConfigurationList = 07B0DCBF20165C87006C5344 /* Build configuration list for PBXProject "ODRExample" */;
			compatibilityVersion = "Xcode 8.0";
			developmentRegion = en;
			hasScannedForEncodings = 0;
			knownRegions = (
				en,
				Base,
			);
			mainGroup = 07B0DCBB20165C87006C5344;
			productRefGroup = 07B0DCC520165C87006C5344 /* Products */;
			projectDirPath = "";
			projectRoot = "";
			targets = (
				07B0DCC320165C87006C5344 /* ODRExample */,
			);
		};
/* End PBXProject section */

/* Begin PBXResourcesBuildPhase section */
		07B0DCC220165C87006C5344 /* Resources */ = {
			isa = PBXResourcesBuildPhase;
			buildActionMask = 2147483647;
			files = (
				07B0DCD220165C87006C5344 /* LaunchScreen.storyboard in Resources */,
				07B0DCCF20165C87006C5344 /* Assets.xcassets in Resources */,
				07B0DCCD20165C87006C5344 /* Main.storyboard in Resources */,
			);
			runOnlyForDeploymentPostprocessing = 0;
		};
/* End PBXResourcesBuildPhase section */

/* Begin PBXShellScriptBuildPhase section */
		07B0DCDB20166499006C5344 /* ShellScript */ = {
			isa = PBXShellScriptBuildPhase;
			buildActionMask = 8;
			files = (
			);
			inputPaths = (
			);
			outputPaths = (
			);
			runOnlyForDeploymentPostprocessing = 1;
			shellPath = /bin/sh;
			shellScript = "VERSIONNUM=$(/usr/libexec/PlistBuddy -c \"Print CFBundleVersion\" \"${PROJECT_DIR}/${INFOPLIST_FILE}\")\nNEWVERSION=$(($VERSIONNUM + 1))\n/usr/libexec/PlistBuddy -c \"Set :CFBundleVersion $NEWVERSION\" \"${PROJECT_DIR}/${INFOPLIST_FILE}\"";
			showEnvVarsInLog = 0;
		};
/* End PBXShellScriptBuildPhase section */

/* Begin PBXSourcesBuildPhase section */
		07B0DCC020165C87006C5344 /* Sources */ = {
			isa = PBXSourcesBuildPhase;
			buildActionMask = 2147483647;
			files = (
				07B0DCCA20165C87006C5344 /* ViewController.swift in Sources */,
				07B0DCC820165C87006C5344 /* AppDelegate.swift in Sources */,
				07B0DCDA20165FFF006C5344 /* ODRManager.swift in Sources */,
			);
			runOnlyForDeploymentPostprocessing = 0;
		};
/* End PBXSourcesBuildPhase section */

/* Begin PBXVariantGroup section */
		07B0DCCB20165C87006C5344 /* Main.storyboard */ = {
			isa = PBXVariantGroup;
			children = (
				07B0DCCC20165C87006C5344 /* Base */,
			);
			name = Main.storyboard;
			sourceTree = "<group>";
		};
		07B0DCD020165C87006C5344 /* LaunchScreen.storyboard */ = {
			isa = PBXVariantGroup;
			children = (
				07B0DCD120165C87006C5344 /* Base */,
			);
			name = LaunchScreen.storyboard;
			sourceTree = "<group>";
		};
/* End PBXVariantGroup section */

/* Begin XCBuildConfiguration section */
		07B0DCD420165C87006C5344 /* Debug */ = {
			isa = XCBuildConfiguration;
			buildSettings = {
				ALWAYS_SEARCH_USER_PATHS = NO;
				CLANG_ANALYZER_NONNULL = YES;
				CLANG_ANALYZER_NUMBER_OBJECT_CONVERSION = YES_AGGRESSIVE;
				CLANG_CXX_LANGUAGE_STANDARD = "gnu++14";
				CLANG_CXX_LIBRARY = "libc++";
				CLANG_ENABLE_MODULES = YES;
				CLANG_ENABLE_OBJC_ARC = YES;
				CLANG_WARN_BLOCK_CAPTURE_AUTORELEASING = YES;
				CLANG_WARN_BOOL_CONVERSION = YES;
				CLANG_WARN_COMMA = YES;
				CLANG_WARN_CONSTANT_CONVERSION = YES;
				CLANG_WARN_DIRECT_OBJC_ISA_USAGE = YES_ERROR;
				CLANG_WARN_DOCUMENTATION_COMMENTS = YES;
				CLANG_WARN_EMPTY_BODY = YES;
				CLANG_WARN_ENUM_CONVERSION = YES;
				CLANG_WARN_INFINITE_RECURSION = YES;
				CLANG_WARN_INT_CONVERSION = YES;
				CLANG_WARN_NON_LITERAL_NULL_CONVERSION = YES;
				CLANG_WARN_OBJC_LITERAL_CONVERSION = YES;
				CLANG_WARN_OBJC_ROOT_CLASS = YES_ERROR;
				CLANG_WARN_RANGE_LOOP_ANALYSIS = YES;
				CLANG_WARN_STRICT_PROTOTYPES = YES;
				CLANG_WARN_SUSPICIOUS_MOVE = YES;
				CLANG_WARN_UNGUARDED_AVAILABILITY = YES_AGGRESSIVE;
				CLANG_WARN_UNREACHABLE_CODE = YES;
				CLANG_WARN__DUPLICATE_METHOD_MATCH = YES;
				CODE_SIGN_IDENTITY = "iPhone Developer";
				COPY_PHASE_STRIP = NO;
				DEBUG_INFORMATION_FORMAT = dwarf;
				ENABLE_STRICT_OBJC_MSGSEND = YES;
				ENABLE_TESTABILITY = YES;
				GCC_C_LANGUAGE_STANDARD = gnu11;
				GCC_DYNAMIC_NO_PIC = NO;
				GCC_NO_COMMON_BLOCKS = YES;
				GCC_OPTIMIZATION_LEVEL = 0;
				GCC_PREPROCESSOR_DEFINITIONS = (
					"DEBUG=1",
					"$(inherited)",
				);
				GCC_WARN_64_TO_32_BIT_CONVERSION = YES;
				GCC_WARN_ABOUT_RETURN_TYPE = YES_ERROR;
				GCC_WARN_UNDECLARED_SELECTOR = YES;
				GCC_WARN_UNINITIALIZED_AUTOS = YES_AGGRESSIVE;
				GCC_WARN_UNUSED_FUNCTION = YES;
				GCC_WARN_UNUSED_VARIABLE = YES;
				IPHONEOS_DEPLOYMENT_TARGET = 11.2;
				MTL_ENABLE_DEBUG_INFO = YES;
				ONLY_ACTIVE_ARCH = YES;
				SDKROOT = iphoneos;
				SWIFT_ACTIVE_COMPILATION_CONDITIONS = DEBUG;
				SWIFT_OPTIMIZATION_LEVEL = "-Onone";
			};
			name = Debug;
		};
		07B0DCD520165C87006C5344 /* Release */ = {
			isa = XCBuildConfiguration;
			buildSettings = {
				ALWAYS_SEARCH_USER_PATHS = NO;
				CLANG_ANALYZER_NONNULL = YES;
				CLANG_ANALYZER_NUMBER_OBJECT_CONVERSION = YES_AGGRESSIVE;
				CLANG_CXX_LANGUAGE_STANDARD = "gnu++14";
				CLANG_CXX_LIBRARY = "libc++";
				CLANG_ENABLE_MODULES = YES;
				CLANG_ENABLE_OBJC_ARC = YES;
				CLANG_WARN_BLOCK_CAPTURE_AUTORELEASING = YES;
				CLANG_WARN_BOOL_CONVERSION = YES;
				CLANG_WARN_COMMA = YES;
				CLANG_WARN_CONSTANT_CONVERSION = YES;
				CLANG_WARN_DIRECT_OBJC_ISA_USAGE = YES_ERROR;
				CLANG_WARN_DOCUMENTATION_COMMENTS = YES;
				CLANG_WARN_EMPTY_BODY = YES;
				CLANG_WARN_ENUM_CONVERSION = YES;
				CLANG_WARN_INFINITE_RECURSION = YES;
				CLANG_WARN_INT_CONVERSION = YES;
				CLANG_WARN_NON_LITERAL_NULL_CONVERSION = YES;
				CLANG_WARN_OBJC_LITERAL_CONVERSION = YES;
				CLANG_WARN_OBJC_ROOT_CLASS = YES_ERROR;
				CLANG_WARN_RANGE_LOOP_ANALYSIS = YES;
				CLANG_WARN_STRICT_PROTOTYPES = YES;
				CLANG_WARN_SUSPICIOUS_MOVE = YES;
				CLANG_WARN_UNGUARDED_AVAILABILITY = YES_AGGRESSIVE;
				CLANG_WARN_UNREACHABLE_CODE = YES;
				CLANG_WARN__DUPLICATE_METHOD_MATCH = YES;
				CODE_SIGN_IDENTITY = "iPhone Developer";
				COPY_PHASE_STRIP = NO;
				DEBUG_INFORMATION_FORMAT = "dwarf-with-dsym";
				ENABLE_NS_ASSERTIONS = NO;
				ENABLE_STRICT_OBJC_MSGSEND = YES;
				GCC_C_LANGUAGE_STANDARD = gnu11;
				GCC_NO_COMMON_BLOCKS = YES;
				GCC_WARN_64_TO_32_BIT_CONVERSION = YES;
				GCC_WARN_ABOUT_RETURN_TYPE = YES_ERROR;
				GCC_WARN_UNDECLARED_SELECTOR = YES;
				GCC_WARN_UNINITIALIZED_AUTOS = YES_AGGRESSIVE;
				GCC_WARN_UNUSED_FUNCTION = YES;
				GCC_WARN_UNUSED_VARIABLE = YES;
				IPHONEOS_DEPLOYMENT_TARGET = 11.2;
				MTL_ENABLE_DEBUG_INFO = NO;
				SDKROOT = iphoneos;
				SWIFT_OPTIMIZATION_LEVEL = "-Owholemodule";
				VALIDATE_PRODUCT = YES;
			};
			name = Release;
		};
		07B0DCD720165C87006C5344 /* Debug */ = {
			isa = XCBuildConfiguration;
			buildSettings = {
				ASSETCATALOG_COMPILER_APPICON_NAME = AppIcon;
				CODE_SIGN_STYLE = Manual;
				DEVELOPMENT_TEAM = M4JYU7D945;
				INFOPLIST_FILE = ODRExample/Info.plist;
				LD_RUNPATH_SEARCH_PATHS = "$(inherited) @executable_path/Frameworks";
				PRODUCT_BUNDLE_IDENTIFIER = com.bathwraps.ihp.ODRExample;
				PRODUCT_NAME = "$(TARGET_NAME)";
				PROVISIONING_PROFILE = "bcd48118-261b-4dcc-9531-618f768dcc7d";
				PROVISIONING_PROFILE_SPECIFIER = "BathWraps IHP Development";
				SWIFT_VERSION = 4.0;
				TARGETED_DEVICE_FAMILY = "1,2";
			};
			name = Debug;
		};
		07B0DCD820165C87006C5344 /* Release */ = {
			isa = XCBuildConfiguration;
			buildSettings = {
				ASSETCATALOG_COMPILER_APPICON_NAME = AppIcon;
				"CODE_SIGN_IDENTITY[sdk=iphoneos*]" = "iPhone Distribution";
				CODE_SIGN_STYLE = Manual;
				DEVELOPMENT_TEAM = M4JYU7D945;
				INFOPLIST_FILE = ODRExample/Info.plist;
				LD_RUNPATH_SEARCH_PATHS = "$(inherited) @executable_path/Frameworks";
				PRODUCT_BUNDLE_IDENTIFIER = com.bathwraps.ihp.ODRExample;
				PRODUCT_NAME = "$(TARGET_NAME)";
				PROVISIONING_PROFILE = "9d00b636-1d1a-4768-bb13-9829dcf57611";
				PROVISIONING_PROFILE_SPECIFIER = "BathWraps IHP Distribution";
				SWIFT_VERSION = 4.0;
				TARGETED_DEVICE_FAMILY = "1,2";
			};
			name = Release;
		};
/* End XCBuildConfiguration section */

/* Begin XCConfigurationList section */
		07B0DCBF20165C87006C5344 /* Build configuration list for PBXProject "ODRExample" */ = {
			isa = XCConfigurationList;
			buildConfigurations = (
				07B0DCD420165C87006C5344 /* Debug */,
				07B0DCD520165C87006C5344 /* Release */,
			);
			defaultConfigurationIsVisible = 0;
			defaultConfigurationName = Release;
		};
		07B0DCD620165C87006C5344 /* Build configuration list for PBXNativeTarget "ODRExample" */ = {
			isa = XCConfigurationList;
			buildConfigurations = (
				07B0DCD720165C87006C5344 /* Debug */,
				07B0DCD820165C87006C5344 /* Release */,
			);
			defaultConfigurationIsVisible = 0;
			defaultConfigurationName = Release;
		};
/* End XCConfigurationList section */
	};
	rootObject = 07B0DCBC20165C87006C5344 /* Project object */;
}
